// !$*UTF8*$!
{
	archiveVersion = 1;
	classes = {
	};
	objectVersion = 50;
	objects = {

/* Begin PBXBuildFile section */
		8225B9EF24C80241007287AF /* ReferralStatusTableViewCell.swift in Sources */ = {isa = PBXBuildFile; fileRef = 8225B9EE24C80241007287AF /* ReferralStatusTableViewCell.swift */; };
		8225B9F124C80A09007287AF /* OpenInvoiceTableViewCell.swift in Sources */ = {isa = PBXBuildFile; fileRef = 8225B9F024C80A09007287AF /* OpenInvoiceTableViewCell.swift */; };
		8225B9F324C81A12007287AF /* ReferralSubmissionsTableViewCell.swift in Sources */ = {isa = PBXBuildFile; fileRef = 8225B9F224C81A12007287AF /* ReferralSubmissionsTableViewCell.swift */; };
		826361DF24C834A300872E5B /* FrequentlyUsedServicesCell.swift in Sources */ = {isa = PBXBuildFile; fileRef = 826361DE24C834A300872E5B /* FrequentlyUsedServicesCell.swift */; };
		826361E124C8724600872E5B /* UpdatesSinceLastLoginCell.swift in Sources */ = {isa = PBXBuildFile; fileRef = 826361E024C8724600872E5B /* UpdatesSinceLastLoginCell.swift */; };
		826361E324C8727400872E5B /* HomeTableView.swift in Sources */ = {isa = PBXBuildFile; fileRef = 826361E224C8727400872E5B /* HomeTableView.swift */; };
		826A03C724C57DF500060030 /* AppDelegate.swift in Sources */ = {isa = PBXBuildFile; fileRef = 826A03C624C57DF500060030 /* AppDelegate.swift */; };
		826A03C924C57DF500060030 /* SceneDelegate.swift in Sources */ = {isa = PBXBuildFile; fileRef = 826A03C824C57DF500060030 /* SceneDelegate.swift */; };
		826A03CB24C57DF500060030 /* ContentView.swift in Sources */ = {isa = PBXBuildFile; fileRef = 826A03CA24C57DF500060030 /* ContentView.swift */; };
		826A03CD24C57DFC00060030 /* Assets.xcassets in Resources */ = {isa = PBXBuildFile; fileRef = 826A03CC24C57DFC00060030 /* Assets.xcassets */; };
		826A03D024C57DFC00060030 /* Preview Assets.xcassets in Resources */ = {isa = PBXBuildFile; fileRef = 826A03CF24C57DFC00060030 /* Preview Assets.xcassets */; };
		826A03D324C57DFC00060030 /* LaunchScreen.storyboard in Resources */ = {isa = PBXBuildFile; fileRef = 826A03D124C57DFC00060030 /* LaunchScreen.storyboard */; };
		826A03DE24C57DFC00060030 /* AdjustersTests.swift in Sources */ = {isa = PBXBuildFile; fileRef = 826A03DD24C57DFC00060030 /* AdjustersTests.swift */; };
		826A03E924C57DFC00060030 /* AdjustersUITests.swift in Sources */ = {isa = PBXBuildFile; fileRef = 826A03E824C57DFC00060030 /* AdjustersUITests.swift */; };
		826A03F724C57F6500060030 /* CaseSearchView.swift in Sources */ = {isa = PBXBuildFile; fileRef = 826A03F624C57F6500060030 /* CaseSearchView.swift */; };
		82911F2D24C963AB0016059C /* ReferralSubmissionsDetailsView.swift in Sources */ = {isa = PBXBuildFile; fileRef = 82911F2C24C963AB0016059C /* ReferralSubmissionsDetailsView.swift */; };
		8294D87724C5B733007FCA41 /* HomeTableViewHeaderCell.swift in Sources */ = {isa = PBXBuildFile; fileRef = 8294D87624C5B733007FCA41 /* HomeTableViewHeaderCell.swift */; };
/* End PBXBuildFile section */

/* Begin PBXContainerItemProxy section */
		826A03DA24C57DFC00060030 /* PBXContainerItemProxy */ = {
			isa = PBXContainerItemProxy;
			containerPortal = 826A03BB24C57DF500060030 /* Project object */;
			proxyType = 1;
			remoteGlobalIDString = 826A03C224C57DF500060030;
			remoteInfo = Adjusters;
		};
		826A03E524C57DFC00060030 /* PBXContainerItemProxy */ = {
			isa = PBXContainerItemProxy;
			containerPortal = 826A03BB24C57DF500060030 /* Project object */;
			proxyType = 1;
			remoteGlobalIDString = 826A03C224C57DF500060030;
			remoteInfo = Adjusters;
		};
/* End PBXContainerItemProxy section */

/* Begin PBXFileReference section */
		8225B9EE24C80241007287AF /* ReferralStatusTableViewCell.swift */ = {isa = PBXFileReference; lastKnownFileType = sourcecode.swift; path = ReferralStatusTableViewCell.swift; sourceTree = "<group>"; };
		8225B9F024C80A09007287AF /* OpenInvoiceTableViewCell.swift */ = {isa = PBXFileReference; lastKnownFileType = sourcecode.swift; path = OpenInvoiceTableViewCell.swift; sourceTree = "<group>"; };
		8225B9F224C81A12007287AF /* ReferralSubmissionsTableViewCell.swift */ = {isa = PBXFileReference; lastKnownFileType = sourcecode.swift; path = ReferralSubmissionsTableViewCell.swift; sourceTree = "<group>"; };
		826361DE24C834A300872E5B /* FrequentlyUsedServicesCell.swift */ = {isa = PBXFileReference; lastKnownFileType = sourcecode.swift; path = FrequentlyUsedServicesCell.swift; sourceTree = "<group>"; };
		826361E024C8724600872E5B /* UpdatesSinceLastLoginCell.swift */ = {isa = PBXFileReference; lastKnownFileType = sourcecode.swift; path = UpdatesSinceLastLoginCell.swift; sourceTree = "<group>"; };
		826361E224C8727400872E5B /* HomeTableView.swift */ = {isa = PBXFileReference; lastKnownFileType = sourcecode.swift; path = HomeTableView.swift; sourceTree = "<group>"; };
		826A03C324C57DF500060030 /* Adjusters.app */ = {isa = PBXFileReference; explicitFileType = wrapper.application; includeInIndex = 0; path = Adjusters.app; sourceTree = BUILT_PRODUCTS_DIR; };
		826A03C624C57DF500060030 /* AppDelegate.swift */ = {isa = PBXFileReference; lastKnownFileType = sourcecode.swift; path = AppDelegate.swift; sourceTree = "<group>"; };
		826A03C824C57DF500060030 /* SceneDelegate.swift */ = {isa = PBXFileReference; lastKnownFileType = sourcecode.swift; path = SceneDelegate.swift; sourceTree = "<group>"; };
		826A03CA24C57DF500060030 /* ContentView.swift */ = {isa = PBXFileReference; lastKnownFileType = sourcecode.swift; path = ContentView.swift; sourceTree = "<group>"; };
		826A03CC24C57DFC00060030 /* Assets.xcassets */ = {isa = PBXFileReference; lastKnownFileType = folder.assetcatalog; path = Assets.xcassets; sourceTree = "<group>"; };
		826A03CF24C57DFC00060030 /* Preview Assets.xcassets */ = {isa = PBXFileReference; lastKnownFileType = folder.assetcatalog; path = "Preview Assets.xcassets"; sourceTree = "<group>"; };
		826A03D224C57DFC00060030 /* Base */ = {isa = PBXFileReference; lastKnownFileType = file.storyboard; name = Base; path = Base.lproj/LaunchScreen.storyboard; sourceTree = "<group>"; };
		826A03D424C57DFC00060030 /* Info.plist */ = {isa = PBXFileReference; lastKnownFileType = text.plist.xml; path = Info.plist; sourceTree = "<group>"; };
		826A03D924C57DFC00060030 /* AdjustersTests.xctest */ = {isa = PBXFileReference; explicitFileType = wrapper.cfbundle; includeInIndex = 0; path = AdjustersTests.xctest; sourceTree = BUILT_PRODUCTS_DIR; };
		826A03DD24C57DFC00060030 /* AdjustersTests.swift */ = {isa = PBXFileReference; lastKnownFileType = sourcecode.swift; path = AdjustersTests.swift; sourceTree = "<group>"; };
		826A03DF24C57DFC00060030 /* Info.plist */ = {isa = PBXFileReference; lastKnownFileType = text.plist.xml; path = Info.plist; sourceTree = "<group>"; };
		826A03E424C57DFC00060030 /* AdjustersUITests.xctest */ = {isa = PBXFileReference; explicitFileType = wrapper.cfbundle; includeInIndex = 0; path = AdjustersUITests.xctest; sourceTree = BUILT_PRODUCTS_DIR; };
		826A03E824C57DFC00060030 /* AdjustersUITests.swift */ = {isa = PBXFileReference; lastKnownFileType = sourcecode.swift; path = AdjustersUITests.swift; sourceTree = "<group>"; };
		826A03EA24C57DFC00060030 /* Info.plist */ = {isa = PBXFileReference; lastKnownFileType = text.plist.xml; path = Info.plist; sourceTree = "<group>"; };
		826A03F624C57F6500060030 /* CaseSearchView.swift */ = {isa = PBXFileReference; lastKnownFileType = sourcecode.swift; path = CaseSearchView.swift; sourceTree = "<group>"; };
		82911F2C24C963AB0016059C /* ReferralSubmissionsDetailsView.swift */ = {isa = PBXFileReference; lastKnownFileType = sourcecode.swift; path = ReferralSubmissionsDetailsView.swift; sourceTree = "<group>"; };
		8294D87624C5B733007FCA41 /* HomeTableViewHeaderCell.swift */ = {isa = PBXFileReference; lastKnownFileType = sourcecode.swift; path = HomeTableViewHeaderCell.swift; sourceTree = "<group>"; };
/* End PBXFileReference section */

/* Begin PBXFrameworksBuildPhase section */
		826A03C024C57DF500060030 /* Frameworks */ = {
			isa = PBXFrameworksBuildPhase;
			buildActionMask = 2147483647;
			files = (
			);
			runOnlyForDeploymentPostprocessing = 0;
		};
		826A03D624C57DFC00060030 /* Frameworks */ = {
			isa = PBXFrameworksBuildPhase;
			buildActionMask = 2147483647;
			files = (
			);
			runOnlyForDeploymentPostprocessing = 0;
		};
		826A03E124C57DFC00060030 /* Frameworks */ = {
			isa = PBXFrameworksBuildPhase;
			buildActionMask = 2147483647;
			files = (
			);
			runOnlyForDeploymentPostprocessing = 0;
		};
/* End PBXFrameworksBuildPhase section */

/* Begin PBXGroup section */
		826A03BA24C57DF500060030 = {
			isa = PBXGroup;
			children = (
				826A03C524C57DF500060030 /* Adjusters */,
				826A03DC24C57DFC00060030 /* AdjustersTests */,
				826A03E724C57DFC00060030 /* AdjustersUITests */,
				826A03C424C57DF500060030 /* Products */,
			);
			sourceTree = "<group>";
		};
		826A03C424C57DF500060030 /* Products */ = {
			isa = PBXGroup;
			children = (
				826A03C324C57DF500060030 /* Adjusters.app */,
				826A03D924C57DFC00060030 /* AdjustersTests.xctest */,
				826A03E424C57DFC00060030 /* AdjustersUITests.xctest */,
			);
			name = Products;
			sourceTree = "<group>";
		};
		826A03C524C57DF500060030 /* Adjusters */ = {
			isa = PBXGroup;
			children = (
				826A03C624C57DF500060030 /* AppDelegate.swift */,
				826A03C824C57DF500060030 /* SceneDelegate.swift */,
				826A03CA24C57DF500060030 /* ContentView.swift */,
				826361E224C8727400872E5B /* HomeTableView.swift */,
				8225B9EE24C80241007287AF /* ReferralStatusTableViewCell.swift */,
				8225B9F024C80A09007287AF /* OpenInvoiceTableViewCell.swift */,
				8225B9F224C81A12007287AF /* ReferralSubmissionsTableViewCell.swift */,
				826361DE24C834A300872E5B /* FrequentlyUsedServicesCell.swift */,
				826361E024C8724600872E5B /* UpdatesSinceLastLoginCell.swift */,
				8294D87624C5B733007FCA41 /* HomeTableViewHeaderCell.swift */,
				82911F2C24C963AB0016059C /* ReferralSubmissionsDetailsView.swift */,
				826A03CC24C57DFC00060030 /* Assets.xcassets */,
				826A03D124C57DFC00060030 /* LaunchScreen.storyboard */,
				826A03D424C57DFC00060030 /* Info.plist */,
				826A03CE24C57DFC00060030 /* Preview Content */,
				826A03F624C57F6500060030 /* CaseSearchView.swift */,
			);
			path = Adjusters;
			sourceTree = "<group>";
		};
		826A03CE24C57DFC00060030 /* Preview Content */ = {
			isa = PBXGroup;
			children = (
				826A03CF24C57DFC00060030 /* Preview Assets.xcassets */,
			);
			path = "Preview Content";
			sourceTree = "<group>";
		};
		826A03DC24C57DFC00060030 /* AdjustersTests */ = {
			isa = PBXGroup;
			children = (
				826A03DD24C57DFC00060030 /* AdjustersTests.swift */,
				826A03DF24C57DFC00060030 /* Info.plist */,
			);
			path = AdjustersTests;
			sourceTree = "<group>";
		};
		826A03E724C57DFC00060030 /* AdjustersUITests */ = {
			isa = PBXGroup;
			children = (
				826A03E824C57DFC00060030 /* AdjustersUITests.swift */,
				826A03EA24C57DFC00060030 /* Info.plist */,
			);
			path = AdjustersUITests;
			sourceTree = "<group>";
		};
/* End PBXGroup section */

/* Begin PBXNativeTarget section */
		826A03C224C57DF500060030 /* Adjusters */ = {
			isa = PBXNativeTarget;
			buildConfigurationList = 826A03ED24C57DFC00060030 /* Build configuration list for PBXNativeTarget "Adjusters" */;
			buildPhases = (
				826A03BF24C57DF500060030 /* Sources */,
				826A03C024C57DF500060030 /* Frameworks */,
				826A03C124C57DF500060030 /* Resources */,
			);
			buildRules = (
			);
			dependencies = (
			);
			name = Adjusters;
			productName = Adjusters;
			productReference = 826A03C324C57DF500060030 /* Adjusters.app */;
			productType = "com.apple.product-type.application";
		};
		826A03D824C57DFC00060030 /* AdjustersTests */ = {
			isa = PBXNativeTarget;
			buildConfigurationList = 826A03F024C57DFC00060030 /* Build configuration list for PBXNativeTarget "AdjustersTests" */;
			buildPhases = (
				826A03D524C57DFC00060030 /* Sources */,
				826A03D624C57DFC00060030 /* Frameworks */,
				826A03D724C57DFC00060030 /* Resources */,
			);
			buildRules = (
			);
			dependencies = (
				826A03DB24C57DFC00060030 /* PBXTargetDependency */,
			);
			name = AdjustersTests;
			productName = AdjustersTests;
			productReference = 826A03D924C57DFC00060030 /* AdjustersTests.xctest */;
			productType = "com.apple.product-type.bundle.unit-test";
		};
		826A03E324C57DFC00060030 /* AdjustersUITests */ = {
			isa = PBXNativeTarget;
			buildConfigurationList = 826A03F324C57DFC00060030 /* Build configuration list for PBXNativeTarget "AdjustersUITests" */;
			buildPhases = (
				826A03E024C57DFC00060030 /* Sources */,
				826A03E124C57DFC00060030 /* Frameworks */,
				826A03E224C57DFC00060030 /* Resources */,
			);
			buildRules = (
			);
			dependencies = (
				826A03E624C57DFC00060030 /* PBXTargetDependency */,
			);
			name = AdjustersUITests;
			productName = AdjustersUITests;
			productReference = 826A03E424C57DFC00060030 /* AdjustersUITests.xctest */;
			productType = "com.apple.product-type.bundle.ui-testing";
		};
/* End PBXNativeTarget section */

/* Begin PBXProject section */
		826A03BB24C57DF500060030 /* Project object */ = {
			isa = PBXProject;
			attributes = {
				LastSwiftUpdateCheck = 1140;
				LastUpgradeCheck = 1140;
				ORGANIZATIONNAME = Venkat;
				TargetAttributes = {
					826A03C224C57DF500060030 = {
						CreatedOnToolsVersion = 11.4;
					};
					826A03D824C57DFC00060030 = {
						CreatedOnToolsVersion = 11.4;
						TestTargetID = 826A03C224C57DF500060030;
					};
					826A03E324C57DFC00060030 = {
						CreatedOnToolsVersion = 11.4;
						TestTargetID = 826A03C224C57DF500060030;
					};
				};
			};
			buildConfigurationList = 826A03BE24C57DF500060030 /* Build configuration list for PBXProject "Adjusters" */;
			compatibilityVersion = "Xcode 9.3";
			developmentRegion = en;
			hasScannedForEncodings = 0;
			knownRegions = (
				en,
				Base,
			);
			mainGroup = 826A03BA24C57DF500060030;
			productRefGroup = 826A03C424C57DF500060030 /* Products */;
			projectDirPath = "";
			projectRoot = "";
			targets = (
				826A03C224C57DF500060030 /* Adjusters */,
				826A03D824C57DFC00060030 /* AdjustersTests */,
				826A03E324C57DFC00060030 /* AdjustersUITests */,
			);
		};
/* End PBXProject section */

/* Begin PBXResourcesBuildPhase section */
		826A03C124C57DF500060030 /* Resources */ = {
			isa = PBXResourcesBuildPhase;
			buildActionMask = 2147483647;
			files = (
				826A03D324C57DFC00060030 /* LaunchScreen.storyboard in Resources */,
				826A03D024C57DFC00060030 /* Preview Assets.xcassets in Resources */,
				826A03CD24C57DFC00060030 /* Assets.xcassets in Resources */,
			);
			runOnlyForDeploymentPostprocessing = 0;
		};
		826A03D724C57DFC00060030 /* Resources */ = {
			isa = PBXResourcesBuildPhase;
			buildActionMask = 2147483647;
			files = (
			);
			runOnlyForDeploymentPostprocessing = 0;
		};
		826A03E224C57DFC00060030 /* Resources */ = {
			isa = PBXResourcesBuildPhase;
			buildActionMask = 2147483647;
			files = (
			);
			runOnlyForDeploymentPostprocessing = 0;
		};
/* End PBXResourcesBuildPhase section */

/* Begin PBXSourcesBuildPhase section */
		826A03BF24C57DF500060030 /* Sources */ = {
			isa = PBXSourcesBuildPhase;
			buildActionMask = 2147483647;
			files = (
				826A03F724C57F6500060030 /* CaseSearchView.swift in Sources */,
				826361E124C8724600872E5B /* UpdatesSinceLastLoginCell.swift in Sources */,
				826A03C724C57DF500060030 /* AppDelegate.swift in Sources */,
				826A03C924C57DF500060030 /* SceneDelegate.swift in Sources */,
				826A03CB24C57DF500060030 /* ContentView.swift in Sources */,
				826361DF24C834A300872E5B /* FrequentlyUsedServicesCell.swift in Sources */,
				82911F2D24C963AB0016059C /* ReferralSubmissionsDetailsView.swift in Sources */,
				826361E324C8727400872E5B /* HomeTableView.swift in Sources */,
				8225B9EF24C80241007287AF /* ReferralStatusTableViewCell.swift in Sources */,
				8225B9F124C80A09007287AF /* OpenInvoiceTableViewCell.swift in Sources */,
				8225B9F324C81A12007287AF /* ReferralSubmissionsTableViewCell.swift in Sources */,
				8294D87724C5B733007FCA41 /* HomeTableViewHeaderCell.swift in Sources */,
			);
			runOnlyForDeploymentPostprocessing = 0;
		};
		826A03D524C57DFC00060030 /* Sources */ = {
			isa = PBXSourcesBuildPhase;
			buildActionMask = 2147483647;
			files = (
				826A03DE24C57DFC00060030 /* AdjustersTests.swift in Sources */,
			);
			runOnlyForDeploymentPostprocessing = 0;
		};
		826A03E024C57DFC00060030 /* Sources */ = {
			isa = PBXSourcesBuildPhase;
			buildActionMask = 2147483647;
			files = (
				826A03E924C57DFC00060030 /* AdjustersUITests.swift in Sources */,
			);
			runOnlyForDeploymentPostprocessing = 0;
		};
/* End PBXSourcesBuildPhase section */

/* Begin PBXTargetDependency section */
		826A03DB24C57DFC00060030 /* PBXTargetDependency */ = {
			isa = PBXTargetDependency;
			target = 826A03C224C57DF500060030 /* Adjusters */;
			targetProxy = 826A03DA24C57DFC00060030 /* PBXContainerItemProxy */;
		};
		826A03E624C57DFC00060030 /* PBXTargetDependency */ = {
			isa = PBXTargetDependency;
			target = 826A03C224C57DF500060030 /* Adjusters */;
			targetProxy = 826A03E524C57DFC00060030 /* PBXContainerItemProxy */;
		};
/* End PBXTargetDependency section */

/* Begin PBXVariantGroup section */
		826A03D124C57DFC00060030 /* LaunchScreen.storyboard */ = {
			isa = PBXVariantGroup;
			children = (
				826A03D224C57DFC00060030 /* Base */,
			);
			name = LaunchScreen.storyboard;
			sourceTree = "<group>";
		};
/* End PBXVariantGroup section */

/* Begin XCBuildConfiguration section */
		826A03EB24C57DFC00060030 /* Debug */ = {
			isa = XCBuildConfiguration;
			buildSettings = {
				ALWAYS_SEARCH_USER_PATHS = NO;
				CLANG_ANALYZER_NONNULL = YES;
				CLANG_ANALYZER_NUMBER_OBJECT_CONVERSION = YES_AGGRESSIVE;
				CLANG_CXX_LANGUAGE_STANDARD = "gnu++14";
				CLANG_CXX_LIBRARY = "libc++";
				CLANG_ENABLE_MODULES = YES;
				CLANG_ENABLE_OBJC_ARC = YES;
				CLANG_ENABLE_OBJC_WEAK = YES;
				CLANG_WARN_BLOCK_CAPTURE_AUTORELEASING = YES;
				CLANG_WARN_BOOL_CONVERSION = YES;
				CLANG_WARN_COMMA = YES;
				CLANG_WARN_CONSTANT_CONVERSION = YES;
				CLANG_WARN_DEPRECATED_OBJC_IMPLEMENTATIONS = YES;
				CLANG_WARN_DIRECT_OBJC_ISA_USAGE = YES_ERROR;
				CLANG_WARN_DOCUMENTATION_COMMENTS = YES;
				CLANG_WARN_EMPTY_BODY = YES;
				CLANG_WARN_ENUM_CONVERSION = YES;
				CLANG_WARN_INFINITE_RECURSION = YES;
				CLANG_WARN_INT_CONVERSION = YES;
				CLANG_WARN_NON_LITERAL_NULL_CONVERSION = YES;
				CLANG_WARN_OBJC_IMPLICIT_RETAIN_SELF = YES;
				CLANG_WARN_OBJC_LITERAL_CONVERSION = YES;
				CLANG_WARN_OBJC_ROOT_CLASS = YES_ERROR;
				CLANG_WARN_RANGE_LOOP_ANALYSIS = YES;
				CLANG_WARN_STRICT_PROTOTYPES = YES;
				CLANG_WARN_SUSPICIOUS_MOVE = YES;
				CLANG_WARN_UNGUARDED_AVAILABILITY = YES_AGGRESSIVE;
				CLANG_WARN_UNREACHABLE_CODE = YES;
				CLANG_WARN__DUPLICATE_METHOD_MATCH = YES;
				COPY_PHASE_STRIP = NO;
				DEBUG_INFORMATION_FORMAT = dwarf;
				ENABLE_STRICT_OBJC_MSGSEND = YES;
				ENABLE_TESTABILITY = YES;
				GCC_C_LANGUAGE_STANDARD = gnu11;
				GCC_DYNAMIC_NO_PIC = NO;
				GCC_NO_COMMON_BLOCKS = YES;
				GCC_OPTIMIZATION_LEVEL = 0;
				GCC_PREPROCESSOR_DEFINITIONS = (
					"DEBUG=1",
					"$(inherited)",
				);
				GCC_WARN_64_TO_32_BIT_CONVERSION = YES;
				GCC_WARN_ABOUT_RETURN_TYPE = YES_ERROR;
				GCC_WARN_UNDECLARED_SELECTOR = YES;
				GCC_WARN_UNINITIALIZED_AUTOS = YES_AGGRESSIVE;
				GCC_WARN_UNUSED_FUNCTION = YES;
				GCC_WARN_UNUSED_VARIABLE = YES;
				IPHONEOS_DEPLOYMENT_TARGET = 13.4;
				MTL_ENABLE_DEBUG_INFO = INCLUDE_SOURCE;
				MTL_FAST_MATH = YES;
				ONLY_ACTIVE_ARCH = YES;
				SDKROOT = iphoneos;
				SWIFT_ACTIVE_COMPILATION_CONDITIONS = DEBUG;
				SWIFT_OPTIMIZATION_LEVEL = "-Onone";
			};
			name = Debug;
		};
		826A03EC24C57DFC00060030 /* Release */ = {
			isa = XCBuildConfiguration;
			buildSettings = {
				ALWAYS_SEARCH_USER_PATHS = NO;
				CLANG_ANALYZER_NONNULL = YES;
				CLANG_ANALYZER_NUMBER_OBJECT_CONVERSION = YES_AGGRESSIVE;
				CLANG_CXX_LANGUAGE_STANDARD = "gnu++14";
				CLANG_CXX_LIBRARY = "libc++";
				CLANG_ENABLE_MODULES = YES;
				CLANG_ENABLE_OBJC_ARC = YES;
				CLANG_ENABLE_OBJC_WEAK = YES;
				CLANG_WARN_BLOCK_CAPTURE_AUTORELEASING = YES;
				CLANG_WARN_BOOL_CONVERSION = YES;
				CLANG_WARN_COMMA = YES;
				CLANG_WARN_CONSTANT_CONVERSION = YES;
				CLANG_WARN_DEPRECATED_OBJC_IMPLEMENTATIONS = YES;
				CLANG_WARN_DIRECT_OBJC_ISA_USAGE = YES_ERROR;
				CLANG_WARN_DOCUMENTATION_COMMENTS = YES;
				CLANG_WARN_EMPTY_BODY = YES;
				CLANG_WARN_ENUM_CONVERSION = YES;
				CLANG_WARN_INFINITE_RECURSION = YES;
				CLANG_WARN_INT_CONVERSION = YES;
				CLANG_WARN_NON_LITERAL_NULL_CONVERSION = YES;
				CLANG_WARN_OBJC_IMPLICIT_RETAIN_SELF = YES;
				CLANG_WARN_OBJC_LITERAL_CONVERSION = YES;
				CLANG_WARN_OBJC_ROOT_CLASS = YES_ERROR;
				CLANG_WARN_RANGE_LOOP_ANALYSIS = YES;
				CLANG_WARN_STRICT_PROTOTYPES = YES;
				CLANG_WARN_SUSPICIOUS_MOVE = YES;
				CLANG_WARN_UNGUARDED_AVAILABILITY = YES_AGGRESSIVE;
				CLANG_WARN_UNREACHABLE_CODE = YES;
				CLANG_WARN__DUPLICATE_METHOD_MATCH = YES;
				COPY_PHASE_STRIP = NO;
				DEBUG_INFORMATION_FORMAT = "dwarf-with-dsym";
				ENABLE_NS_ASSERTIONS = NO;
				ENABLE_STRICT_OBJC_MSGSEND = YES;
				GCC_C_LANGUAGE_STANDARD = gnu11;
				GCC_NO_COMMON_BLOCKS = YES;
				GCC_WARN_64_TO_32_BIT_CONVERSION = YES;
				GCC_WARN_ABOUT_RETURN_TYPE = YES_ERROR;
				GCC_WARN_UNDECLARED_SELECTOR = YES;
				GCC_WARN_UNINITIALIZED_AUTOS = YES_AGGRESSIVE;
				GCC_WARN_UNUSED_FUNCTION = YES;
				GCC_WARN_UNUSED_VARIABLE = YES;
				IPHONEOS_DEPLOYMENT_TARGET = 13.4;
				MTL_ENABLE_DEBUG_INFO = NO;
				MTL_FAST_MATH = YES;
				SDKROOT = iphoneos;
				SWIFT_COMPILATION_MODE = wholemodule;
				SWIFT_OPTIMIZATION_LEVEL = "-O";
				VALIDATE_PRODUCT = YES;
			};
			name = Release;
		};
		826A03EE24C57DFC00060030 /* Debug */ = {
			isa = XCBuildConfiguration;
			buildSettings = {
				ASSETCATALOG_COMPILER_APPICON_NAME = AppIcon;
				CODE_SIGN_STYLE = Automatic;
				DEVELOPMENT_ASSET_PATHS = "\"Adjusters/Preview Content\"";
				ENABLE_PREVIEWS = YES;
				INFOPLIST_FILE = Adjusters/Info.plist;
				LD_RUNPATH_SEARCH_PATHS = (
					"$(inherited)",
					"@executable_path/Frameworks",
				);
				PRODUCT_BUNDLE_IDENTIFIER = Saven.Adjusters;
				PRODUCT_NAME = "$(TARGET_NAME)";
				SWIFT_VERSION = 5.0;
				TARGETED_DEVICE_FAMILY = "1,2";
			};
			name = Debug;
		};
		826A03EF24C57DFC00060030 /* Release */ = {
			isa = XCBuildConfiguration;
			buildSettings = {
				ASSETCATALOG_COMPILER_APPICON_NAME = AppIcon;
				CODE_SIGN_STYLE = Automatic;
				DEVELOPMENT_ASSET_PATHS = "\"Adjusters/Preview Content\"";
				ENABLE_PREVIEWS = YES;
				INFOPLIST_FILE = Adjusters/Info.plist;
				LD_RUNPATH_SEARCH_PATHS = (
					"$(inherited)",
					"@executable_path/Frameworks",
				);
				PRODUCT_BUNDLE_IDENTIFIER = Saven.Adjusters;
				PRODUCT_NAME = "$(TARGET_NAME)";
				SWIFT_VERSION = 5.0;
				TARGETED_DEVICE_FAMILY = "1,2";
			};
			name = Release;
		};
		826A03F124C57DFC00060030 /* Debug */ = {
			isa = XCBuildConfiguration;
			buildSettings = {
				ALWAYS_EMBED_SWIFT_STANDARD_LIBRARIES = YES;
				BUNDLE_LOADER = "$(TEST_HOST)";
				CODE_SIGN_STYLE = Automatic;
				INFOPLIST_FILE = AdjustersTests/Info.plist;
				IPHONEOS_DEPLOYMENT_TARGET = 13.4;
				LD_RUNPATH_SEARCH_PATHS = (
					"$(inherited)",
					"@executable_path/Frameworks",
					"@loader_path/Frameworks",
				);
				PRODUCT_BUNDLE_IDENTIFIER = Saven.AdjustersTests;
				PRODUCT_NAME = "$(TARGET_NAME)";
				SWIFT_VERSION = 5.0;
				TARGETED_DEVICE_FAMILY = "1,2";
				TEST_HOST = "$(BUILT_PRODUCTS_DIR)/Adjusters.app/Adjusters";
			};
			name = Debug;
		};
		826A03F224C57DFC00060030 /* Release */ = {
			isa = XCBuildConfiguration;
			buildSettings = {
				ALWAYS_EMBED_SWIFT_STANDARD_LIBRARIES = YES;
				BUNDLE_LOADER = "$(TEST_HOST)";
				CODE_SIGN_STYLE = Automatic;
				INFOPLIST_FILE = AdjustersTests/Info.plist;
				IPHONEOS_DEPLOYMENT_TARGET = 13.4;
				LD_RUNPATH_SEARCH_PATHS = (
					"$(inherited)",
					"@executable_path/Frameworks",
					"@loader_path/Frameworks",
				);
				PRODUCT_BUNDLE_IDENTIFIER = Saven.AdjustersTests;
				PRODUCT_NAME = "$(TARGET_NAME)";
				SWIFT_VERSION = 5.0;
				TARGETED_DEVICE_FAMILY = "1,2";
				TEST_HOST = "$(BUILT_PRODUCTS_DIR)/Adjusters.app/Adjusters";
			};
			name = Release;
		};
		826A03F424C57DFC00060030 /* Debug */ = {
			isa = XCBuildConfiguration;
			buildSettings = {
				ALWAYS_EMBED_SWIFT_STANDARD_LIBRARIES = YES;
				CODE_SIGN_STYLE = Automatic;
				INFOPLIST_FILE = AdjustersUITests/Info.plist;
				LD_RUNPATH_SEARCH_PATHS = (
					"$(inherited)",
					"@executable_path/Frameworks",
					"@loader_path/Frameworks",
				);
				PRODUCT_BUNDLE_IDENTIFIER = Saven.AdjustersUITests;
				PRODUCT_NAME = "$(TARGET_NAME)";
				SWIFT_VERSION = 5.0;
				TARGETED_DEVICE_FAMILY = "1,2";
				TEST_TARGET_NAME = Adjusters;
			};
			name = Debug;
		};
		826A03F524C57DFC00060030 /* Release */ = {
			isa = XCBuildConfiguration;
			buildSettings = {
				ALWAYS_EMBED_SWIFT_STANDARD_LIBRARIES = YES;
				CODE_SIGN_STYLE = Automatic;
				INFOPLIST_FILE = AdjustersUITests/Info.plist;
				LD_RUNPATH_SEARCH_PATHS = (
					"$(inherited)",
					"@executable_path/Frameworks",
					"@loader_path/Frameworks",
				);
				PRODUCT_BUNDLE_IDENTIFIER = Saven.AdjustersUITests;
				PRODUCT_NAME = "$(TARGET_NAME)";
				SWIFT_VERSION = 5.0;
				TARGETED_DEVICE_FAMILY = "1,2";
				TEST_TARGET_NAME = Adjusters;
			};
			name = Release;
		};
/* End XCBuildConfiguration section */

/* Begin XCConfigurationList section */
		826A03BE24C57DF500060030 /* Build configuration list for PBXProject "Adjusters" */ = {
			isa = XCConfigurationList;
			buildConfigurations = (
				826A03EB24C57DFC00060030 /* Debug */,
				826A03EC24C57DFC00060030 /* Release */,
			);
			defaultConfigurationIsVisible = 0;
			defaultConfigurationName = Release;
		};
		826A03ED24C57DFC00060030 /* Build configuration list for PBXNativeTarget "Adjusters" */ = {
			isa = XCConfigurationList;
			buildConfigurations = (
				826A03EE24C57DFC00060030 /* Debug */,
				826A03EF24C57DFC00060030 /* Release */,
			);
			defaultConfigurationIsVisible = 0;
			defaultConfigurationName = Release;
		};
		826A03F024C57DFC00060030 /* Build configuration list for PBXNativeTarget "AdjustersTests" */ = {
			isa = XCConfigurationList;
			buildConfigurations = (
				826A03F124C57DFC00060030 /* Debug */,
				826A03F224C57DFC00060030 /* Release */,
			);
			defaultConfigurationIsVisible = 0;
			defaultConfigurationName = Release;
		};
		826A03F324C57DFC00060030 /* Build configuration list for PBXNativeTarget "AdjustersUITests" */ = {
			isa = XCConfigurationList;
			buildConfigurations = (
				826A03F424C57DFC00060030 /* Debug */,
				826A03F524C57DFC00060030 /* Release */,
			);
			defaultConfigurationIsVisible = 0;
			defaultConfigurationName = Release;
		};
/* End XCConfigurationList section */
	};
	rootObject = 826A03BB24C57DF500060030 /* Project object */;
}
